{
    "version": 3,
    "terraform_version": "0.11.14",
    "serial": 2,
    "lineage": "896538ec-3a3d-a3d8-1510-15867169a275",
    "modules": [
        {
            "path": [
                "root"
            ],
            "outputs": {},
            "resources": {
                "nsxt_ns_group.group2": {
                    "type": "nsxt_ns_group",
                    "depends_on": [],
                    "primary": {
                        "id": "9f4a0096-cae2-4c29-abf4-7f3a331c1e74",
                        "attributes": {
                            "description": "NG provisioned by Terraform",
                            "display_name": "NG",
                            "id": "9f4a0096-cae2-4c29-abf4-7f3a331c1e74",
                            "member.#": "0",
                            "membership_criteria.#": "0",
                            "revision": "1",
                            "tag.#": "0"
                        },
                        "meta": {},
                        "tainted": false
                    },
                    "deposed": [],
                    "provider": "provider.nsxt"
                }
            },
            "depends_on": []
        }
    ]
}
